{
  "object": {
    "pins": [
      {
        "package": "FinniversKit",
        "repositoryURL": "https://github.com/finn-no/FinniversKit.git",
        "state": {
          "branch": null,
          "revision": "023f38c21797bea7e54d1df5883a797b6769f351",
          "version": "87.2.0"
        }
      }
    ]
  },
  "version": 1
}
