{
  "object": {
    "pins": [
      {
        "package": "FinniversKit",
        "repositoryURL": "https://github.com/finn-no/FinniversKit.git",
        "state": {
          "branch": null,
          "revision": "4cbe7650bde697bf8adf1af162ba4a3ff00049cb",
          "version": "93.6.0"
        }
      }
    ]
  },
  "version": 1
}
