{
  "object": {
    "pins": [
      {
        "package": "FinniversKit",
        "repositoryURL": "https://github.com/finn-no/FinniversKit.git",
        "state": {
          "branch": null,
          "revision": "f06425249e5fb92d7b59db5636046f158edd56f1",
          "version": "88.0.1"
        }
      }
    ]
  },
  "version": 1
}
