{
  "pins" : [
    {
      "identity" : "finniverskit",
      "kind" : "remoteSourceControl",
      "location" : "https://github.com/finn-no/FinniversKit.git",
      "state" : {
        "revision" : "b66d3e15d9193385fd91b4a47c33580590240434",
        "version" : "135.0.0"
      }
    },
    {
      "identity" : "warp-ios",
      "kind" : "remoteSourceControl",
      "location" : "https://github.com/warp-ds/warp-ios.git",
      "state" : {
        "revision" : "546e221ce0848a2b5fab394c5af46cd2b2b96c45",
        "version" : "0.0.5"
      }
    }
  ],
  "version" : 2
}
