// !$*UTF8*$!
{
	archiveVersion = 1;
	classes = {
	};
	objectVersion = 54;
	objects = {

/* Begin PBXBuildFile section */
		171E41C1286302D400A4FE2C /* FiksFerdigPriceDemoView.swift in Sources */ = {isa = PBXBuildFile; fileRef = 171E41C0286302D400A4FE2C /* FiksFerdigPriceDemoView.swift */; };
		46AE6FC4242BADC9007BB005 /* AppDelegate.swift in Sources */ = {isa = PBXBuildFile; fileRef = 46AE6FC3242BADC9007BB005 /* AppDelegate.swift */; };
		46E773A6242CEF0A008A5E93 /* FullscreenDemoViews.swift in Sources */ = {isa = PBXBuildFile; fileRef = 46E7725B242CEF09008A5E93 /* FullscreenDemoViews.swift */; };
		46E773A8242CEF0A008A5E93 /* ComponentDemoViews.swift in Sources */ = {isa = PBXBuildFile; fileRef = 46E7725D242CEF09008A5E93 /* ComponentDemoViews.swift */; };
		46E773A9242CEF0A008A5E93 /* RecyclingDemoViews.swift in Sources */ = {isa = PBXBuildFile; fileRef = 46E7725E242CEF09008A5E93 /* RecyclingDemoViews.swift */; };
		46E773B1242CEF0A008A5E93 /* UIDevice.swift in Sources */ = {isa = PBXBuildFile; fileRef = 46E77268242CEF09008A5E93 /* UIDevice.swift */; };
		46E773B2242CEF0A008A5E93 /* TestCheck.swift in Sources */ = {isa = PBXBuildFile; fileRef = 46E77269242CEF09008A5E93 /* TestCheck.swift */; };
		46E7744F242CEF0A008A5E93 /* LaunchScreen.storyboard in Resources */ = {isa = PBXBuildFile; fileRef = 46E77377242CEF09008A5E93 /* LaunchScreen.storyboard */; };
		46E77450242CEF0A008A5E93 /* Assets.xcassets in Resources */ = {isa = PBXBuildFile; fileRef = 46E77378242CEF09008A5E93 /* Assets.xcassets */; };
		46E7757E242D476B008A5E93 /* ComponentViewTests.swift in Sources */ = {isa = PBXBuildFile; fileRef = 46E77578242D476B008A5E93 /* ComponentViewTests.swift */; };
		46E77580242D476B008A5E93 /* RecyclingViewTests.swift in Sources */ = {isa = PBXBuildFile; fileRef = 46E77579242D476B008A5E93 /* RecyclingViewTests.swift */; };
		46E77581242D476B008A5E93 /* FullscreenViewTests.swift in Sources */ = {isa = PBXBuildFile; fileRef = 46E7757B242D476B008A5E93 /* FullscreenViewTests.swift */; };
		46E77583242D478D008A5E93 /* XCTestCastExtensions.swift in Sources */ = {isa = PBXBuildFile; fileRef = 46E77582242D478D008A5E93 /* XCTestCastExtensions.swift */; };
		4D2A37FE2730245600D09D73 /* StoryDemoView.swift in Sources */ = {isa = PBXBuildFile; fileRef = 4D2A37FD2730245600D09D73 /* StoryDemoView.swift */; };
		4D529E13258357D0007AE5B6 /* Icons.xcassets in Resources */ = {isa = PBXBuildFile; fileRef = 4D529E12258357D0007AE5B6 /* Icons.xcassets */; };
		4D529E2125837087007AE5B6 /* ImageAsset.swift in Sources */ = {isa = PBXBuildFile; fileRef = 4D529E2025837087007AE5B6 /* ImageAsset.swift */; };
		5B95900E89AE9E9723E71E21 /* IPadSnapshotWrapperViewController.swift in Sources */ = {isa = PBXBuildFile; fileRef = 5B95919B9CFD316597FE1169 /* IPadSnapshotWrapperViewController.swift */; };
		5B95976862EDDE331E488125 /* ExtendedProfileDemoView.swift in Sources */ = {isa = PBXBuildFile; fileRef = 5B9590A6804FB7A84BDE1926 /* ExtendedProfileDemoView.swift */; };
		5B9599DAB9A28758FA2708DF /* RealestateAgencyContentDemoView.swift in Sources */ = {isa = PBXBuildFile; fileRef = 5B9599E888EE6D82C0CCC391 /* RealestateAgencyContentDemoView.swift */; };
		5B959EBF748677519F0F9039 /* RealestateAgencyBannerDemoView.swift in Sources */ = {isa = PBXBuildFile; fileRef = 5B95995D9396334A8C945E14 /* RealestateAgencyBannerDemoView.swift */; };
		5B959FA1E7529B5DF3EE7315 /* RealestateSoldStateDemoView.swift in Sources */ = {isa = PBXBuildFile; fileRef = 5B9591016C346EF4BB044C96 /* RealestateSoldStateDemoView.swift */; };
		5B959FB12D2D88BA79394529 /* FadedExpandableDemoView.swift in Sources */ = {isa = PBXBuildFile; fileRef = 5B959C33C8E418F6ACF89F17 /* FadedExpandableDemoView.swift */; };
		5D1224C127BF875600A2AD97 /* RecommendationConsentDemoView.swift in Sources */ = {isa = PBXBuildFile; fileRef = 5D1224C027BF875600A2AD97 /* RecommendationConsentDemoView.swift */; };
		5DE2A0AC27C4DB84002E2EDA /* RecommendationEmptyDemoView.swift in Sources */ = {isa = PBXBuildFile; fileRef = 5DE2A0AB27C4DB84002E2EDA /* RecommendationEmptyDemoView.swift */; };
		710C33F326EB5A4E002BAF1A /* HelthjemDemoView.swift in Sources */ = {isa = PBXBuildFile; fileRef = 710C33F226EB5A4D002BAF1A /* HelthjemDemoView.swift */; };
		8D6809D9F29B489936910F12 /* SearchDropdownDemoView.swift in Sources */ = {isa = PBXBuildFile; fileRef = 8D680D3139FB7C6614DD9BFB /* SearchDropdownDemoView.swift */; };
		8D680A91CD2C95FDA6334007 /* PopularSearchesDemoView.swift in Sources */ = {isa = PBXBuildFile; fileRef = 8D680896DB471416120C7E0E /* PopularSearchesDemoView.swift */; };
		8D680B94EF5A2484F34CE9AB /* SearchDropdownGroupDemoView.swift in Sources */ = {isa = PBXBuildFile; fileRef = 8D680D09AE93C13B7B20F08E /* SearchDropdownGroupDemoView.swift */; };
		9BA6C4A224336B9A009D417B /* DemoWrapperView.swift in Sources */ = {isa = PBXBuildFile; fileRef = 9BA6C4A124336B9A009D417B /* DemoWrapperView.swift */; };
		9BBC904024FD252B0003D2D8 /* UITraitCollection+Extensions.swift in Sources */ = {isa = PBXBuildFile; fileRef = 9BBC903F24FD252B0003D2D8 /* UITraitCollection+Extensions.swift */; };
		9F11791E290FB5B100C7FA90 /* SearchSuggestionsDemoView.swift in Sources */ = {isa = PBXBuildFile; fileRef = 9F11791C290FB5B100C7FA90 /* SearchSuggestionsDemoView.swift */; };
		9F11791F290FB5B100C7FA90 /* SearchLandingDemoModels.swift in Sources */ = {isa = PBXBuildFile; fileRef = 9F11791D290FB5B100C7FA90 /* SearchLandingDemoModels.swift */; };
		ADC5C001F9CB596AAA8A6766 /* AdTipsCollapsibleDemoView.swift in Sources */ = {isa = PBXBuildFile; fileRef = ADC5C5356934C46CBC60D68A /* AdTipsCollapsibleDemoView.swift */; };
		ADC5CBBC2AE659F8B588F876 /* NumberedAdTipsCollapsibleDemoView.swift in Sources */ = {isa = PBXBuildFile; fileRef = ADC5C7228914271986E032E4 /* NumberedAdTipsCollapsibleDemoView.swift */; };
		D61E2C3825C0157600FA8F16 /* FinnUI in Frameworks */ = {isa = PBXBuildFile; productRef = D61E2C3725C0157600FA8F16 /* FinnUI */; };
		D6D43CE425BF2F4D00234AC2 /* SaveSearchViewDemoView.swift in Sources */ = {isa = PBXBuildFile; fileRef = 46E772EB242CEF09008A5E93 /* SaveSearchViewDemoView.swift */; };
		D6D43CE525BF2F4D00234AC2 /* IconLinkListViewDemo.swift in Sources */ = {isa = PBXBuildFile; fileRef = 8D6800F29F72B6957F2BE564 /* IconLinkListViewDemo.swift */; };
		D6D43CE925BF2F4D00234AC2 /* ChatAvailabilityDemoView.swift in Sources */ = {isa = PBXBuildFile; fileRef = 8D680197B160A999652BC551 /* ChatAvailabilityDemoView.swift */; };
		D6D43CEA25BF2F4D00234AC2 /* ObjectPageBlinkDemoView.swift in Sources */ = {isa = PBXBuildFile; fileRef = 8D6803892BCA4EA2979E49FA /* ObjectPageBlinkDemoView.swift */; };
		D6D43CEB25BF2F4D00234AC2 /* ExpandCollapseButtonDemoView.swift in Sources */ = {isa = PBXBuildFile; fileRef = 4DBC039A250A4A38004E8044 /* ExpandCollapseButtonDemoView.swift */; };
		D6D43CF025BF2FA900234AC2 /* SnowGlobeDemoView.swift in Sources */ = {isa = PBXBuildFile; fileRef = 46E77275242CEF09008A5E93 /* SnowGlobeDemoView.swift */; };
		D6D43CF125BF2FA900234AC2 /* SavedSearchSortingDemoView.swift in Sources */ = {isa = PBXBuildFile; fileRef = 8D68001FA0046522DC369E44 /* SavedSearchSortingDemoView.swift */; };
		D6D43CF325BF2FA900234AC2 /* SplashDemoView.swift in Sources */ = {isa = PBXBuildFile; fileRef = 46E77291242CEF09008A5E93 /* SplashDemoView.swift */; };
		D6D43CF625BF2FA900234AC2 /* FavoriteAdSortingDemoView.swift in Sources */ = {isa = PBXBuildFile; fileRef = 46E7728F242CEF09008A5E93 /* FavoriteAdSortingDemoView.swift */; };
		D6D43CF725BF2FA900234AC2 /* NewYearsDemoView.swift in Sources */ = {isa = PBXBuildFile; fileRef = 46E77277242CEF09008A5E93 /* NewYearsDemoView.swift */; };
		D6D43CFB25BF2FDD00234AC2 /* ProjectUnitsDemoView.swift in Sources */ = {isa = PBXBuildFile; fileRef = 4DD84281254828910058D6BB /* ProjectUnitsDemoView.swift */; };
		DA083C2E2462BCA800B26235 /* SwiftUIDemoViews.swift in Sources */ = {isa = PBXBuildFile; fileRef = DA083C2D2462BCA800B26235 /* SwiftUIDemoViews.swift */; };
		DA2F2715266E28B000E6F17C /* TagCloudGridDemoView.swift in Sources */ = {isa = PBXBuildFile; fileRef = DA2F2714266E28B000E6F17C /* TagCloudGridDemoView.swift */; };
		DA3E1B0F2673B4ED001B7730 /* ExploreDetailDemoView.swift in Sources */ = {isa = PBXBuildFile; fileRef = DA3E1B0E2673B4ED001B7730 /* ExploreDetailDemoView.swift */; };
		DA7B29F22670CAFE0018B11C /* ExploreDemoView.swift in Sources */ = {isa = PBXBuildFile; fileRef = DA7B29F12670CAFE0018B11C /* ExploreDemoView.swift */; };
		DAA243B82677850F008B3442 /* ExploreDetailViewModel+Demo.swift in Sources */ = {isa = PBXBuildFile; fileRef = DAA243B72677850F008B3442 /* ExploreDetailViewModel+Demo.swift */; };
		DAE9CA8724602CB000C7552F /* SwiftUIViewTests.swift in Sources */ = {isa = PBXBuildFile; fileRef = DAE9CA8624602CB000C7552F /* SwiftUIViewTests.swift */; };
		E4DBDD972762335200BE21D8 /* ShippingAlternativesDemoView.swift in Sources */ = {isa = PBXBuildFile; fileRef = E4DBDD962762335200BE21D8 /* ShippingAlternativesDemoView.swift */; };
		E640432428B4CFA30061EB8D /* FiksFerdigContactSellerDemoView.swift in Sources */ = {isa = PBXBuildFile; fileRef = E640432328B4CFA30061EB8D /* FiksFerdigContactSellerDemoView.swift */; };
		E640A7C42858B0E1002CA903 /* FiskFerdigAccordionDemoView.swift in Sources */ = {isa = PBXBuildFile; fileRef = E640A7C32858B0E1002CA903 /* FiskFerdigAccordionDemoView.swift */; };
		E640A7C8285B66C0002CA903 /* TimeLineDemoView.swift in Sources */ = {isa = PBXBuildFile; fileRef = E640A7C7285B66C0002CA903 /* TimeLineDemoView.swift */; };
		E640A7CB285C889E002CA903 /* FiksFerdigServiceInfoDemoView.swift in Sources */ = {isa = PBXBuildFile; fileRef = E640A7CA285C889E002CA903 /* FiksFerdigServiceInfoDemoView.swift */; };
		E68E2D0D283E6BFF009C5792 /* SuggestShippingDemoView.swift in Sources */ = {isa = PBXBuildFile; fileRef = E68E2D0C283E6BFF009C5792 /* SuggestShippingDemoView.swift */; };
		E6AD7E61283FDD8E00C6D1CA /* ShippingRequestedDemoView.swift in Sources */ = {isa = PBXBuildFile; fileRef = E6AD7E60283FDD8E00C6D1CA /* ShippingRequestedDemoView.swift */; };
		E6ADDE6C2849E5C8000D85B4 /* ShippingRequestErrorDemoView.swift in Sources */ = {isa = PBXBuildFile; fileRef = E6ADDE6B2849E5C8000D85B4 /* ShippingRequestErrorDemoView.swift */; };
		E6ADF7F32860697700EBCA5F /* ShippingInfoAccordionDemoView.swift in Sources */ = {isa = PBXBuildFile; fileRef = E6ADF7F22860697700EBCA5F /* ShippingInfoAccordionDemoView.swift */; };
		E6ADF7F62862004F00EBCA5F /* SafePaymentAccordionDemoView.swift in Sources */ = {isa = PBXBuildFile; fileRef = E6ADF7F52862004F00EBCA5F /* SafePaymentAccordionDemoView.swift */; };
		E6ADF8EB28636EE700EBCA5F /* FiksFerdingInfoDemoView.swift in Sources */ = {isa = PBXBuildFile; fileRef = E6ADF8EA28636EE700EBCA5F /* FiksFerdingInfoDemoView.swift */; };
		F05770EE2799A70D00C8DD85 /* SnapshotWrapperViewController.swift in Sources */ = {isa = PBXBuildFile; fileRef = F05770ED2799A70D00C8DD85 /* SnapshotWrapperViewController.swift */; };
		F0941B6C29CAEDBD005E72AA /* MotorSidebarDemoView.swift in Sources */ = {isa = PBXBuildFile; fileRef = F0941B6B29CAEDBD005E72AA /* MotorSidebarDemoView.swift */; };
		F09FBC2A2A72AEFB005C334B /* DemoKit in Frameworks */ = {isa = PBXBuildFile; productRef = F09FBC292A72AEFB005C334B /* DemoKit */; };
		F09FBC2C2A72AEFB005C334B /* DemoKitSnapshot in Frameworks */ = {isa = PBXBuildFile; productRef = F09FBC2B2A72AEFB005C334B /* DemoKitSnapshot */; };
		F09FBC2E2A72CE87005C334B /* ExploreDemoViewController.swift in Sources */ = {isa = PBXBuildFile; fileRef = F09FBC2D2A72CE87005C334B /* ExploreDemoViewController.swift */; };
		F0BBDB10297FE61800018B51 /* ProjectUnitsListDemoView.swift in Sources */ = {isa = PBXBuildFile; fileRef = F0BBDB0F297FE61800018B51 /* ProjectUnitsListDemoView.swift */; };
		F0D8D3842857890300FADED2 /* BasicProfileDemoView.swift in Sources */ = {isa = PBXBuildFile; fileRef = F0D8D3832857890300FADED2 /* BasicProfileDemoView.swift */; };
/* End PBXBuildFile section */

/* Begin PBXContainerItemProxy section */
		46E77571242D4736008A5E93 /* PBXContainerItemProxy */ = {
			isa = PBXContainerItemProxy;
			containerPortal = 46AE6FB8242BADC9007BB005 /* Project object */;
			proxyType = 1;
			remoteGlobalIDString = 46AE6FBF242BADC9007BB005;
			remoteInfo = Demo;
		};
		D6242D0425CD8559001999CE /* PBXContainerItemProxy */ = {
			isa = PBXContainerItemProxy;
			containerPortal = 46AE6FB8242BADC9007BB005 /* Project object */;
			proxyType = 1;
			remoteGlobalIDString = D6242CF525CD84A9001999CE;
			remoteInfo = GenerateAssetsScriptRunner;
		};
/* End PBXContainerItemProxy section */

/* Begin PBXCopyFilesBuildPhase section */
		46E77567242CFFA5008A5E93 /* Embed Frameworks */ = {
			isa = PBXCopyFilesBuildPhase;
			buildActionMask = 2147483647;
			dstPath = "";
			dstSubfolderSpec = 10;
			files = (
			);
			name = "Embed Frameworks";
			runOnlyForDeploymentPostprocessing = 0;
		};
		D6242CF425CD84A9001999CE /* CopyFiles */ = {
			isa = PBXCopyFilesBuildPhase;
			buildActionMask = 2147483647;
			dstPath = "include/$(PRODUCT_NAME)";
			dstSubfolderSpec = 16;
			files = (
			);
			runOnlyForDeploymentPostprocessing = 0;
		};
/* End PBXCopyFilesBuildPhase section */

/* Begin PBXFileReference section */
		171E41C0286302D400A4FE2C /* FiksFerdigPriceDemoView.swift */ = {isa = PBXFileReference; fileEncoding = 4; lastKnownFileType = sourcecode.swift; path = FiksFerdigPriceDemoView.swift; sourceTree = "<group>"; };
		46AE6FC0242BADC9007BB005 /* Demo.app */ = {isa = PBXFileReference; explicitFileType = wrapper.application; includeInIndex = 0; path = Demo.app; sourceTree = BUILT_PRODUCTS_DIR; };
		46AE6FC3242BADC9007BB005 /* AppDelegate.swift */ = {isa = PBXFileReference; lastKnownFileType = sourcecode.swift; path = AppDelegate.swift; sourceTree = "<group>"; };
		46AE6FD1242BADCD007BB005 /* Info.plist */ = {isa = PBXFileReference; lastKnownFileType = text.plist.xml; path = Info.plist; sourceTree = "<group>"; };
		46E7725B242CEF09008A5E93 /* FullscreenDemoViews.swift */ = {isa = PBXFileReference; fileEncoding = 4; lastKnownFileType = sourcecode.swift; path = FullscreenDemoViews.swift; sourceTree = "<group>"; };
		46E7725D242CEF09008A5E93 /* ComponentDemoViews.swift */ = {isa = PBXFileReference; fileEncoding = 4; lastKnownFileType = sourcecode.swift; path = ComponentDemoViews.swift; sourceTree = "<group>"; };
		46E7725E242CEF09008A5E93 /* RecyclingDemoViews.swift */ = {isa = PBXFileReference; fileEncoding = 4; lastKnownFileType = sourcecode.swift; path = RecyclingDemoViews.swift; sourceTree = "<group>"; };
		46E77268242CEF09008A5E93 /* UIDevice.swift */ = {isa = PBXFileReference; fileEncoding = 4; lastKnownFileType = sourcecode.swift; path = UIDevice.swift; sourceTree = "<group>"; };
		46E77269242CEF09008A5E93 /* TestCheck.swift */ = {isa = PBXFileReference; fileEncoding = 4; lastKnownFileType = sourcecode.swift; path = TestCheck.swift; sourceTree = "<group>"; };
		46E77275242CEF09008A5E93 /* SnowGlobeDemoView.swift */ = {isa = PBXFileReference; fileEncoding = 4; lastKnownFileType = sourcecode.swift; path = SnowGlobeDemoView.swift; sourceTree = "<group>"; };
		46E77277242CEF09008A5E93 /* NewYearsDemoView.swift */ = {isa = PBXFileReference; fileEncoding = 4; lastKnownFileType = sourcecode.swift; path = NewYearsDemoView.swift; sourceTree = "<group>"; };
		46E7728F242CEF09008A5E93 /* FavoriteAdSortingDemoView.swift */ = {isa = PBXFileReference; fileEncoding = 4; lastKnownFileType = sourcecode.swift; path = FavoriteAdSortingDemoView.swift; sourceTree = "<group>"; };
		46E77291242CEF09008A5E93 /* SplashDemoView.swift */ = {isa = PBXFileReference; fileEncoding = 4; lastKnownFileType = sourcecode.swift; path = SplashDemoView.swift; sourceTree = "<group>"; };
		46E772EB242CEF09008A5E93 /* SaveSearchViewDemoView.swift */ = {isa = PBXFileReference; fileEncoding = 4; lastKnownFileType = sourcecode.swift; path = SaveSearchViewDemoView.swift; sourceTree = "<group>"; };
		46E77377242CEF09008A5E93 /* LaunchScreen.storyboard */ = {isa = PBXFileReference; fileEncoding = 4; lastKnownFileType = file.storyboard; path = LaunchScreen.storyboard; sourceTree = "<group>"; };
		46E77378242CEF09008A5E93 /* Assets.xcassets */ = {isa = PBXFileReference; lastKnownFileType = folder.assetcatalog; path = Assets.xcassets; sourceTree = "<group>"; };
		46E7756C242D4736008A5E93 /* SnapshotTests.xctest */ = {isa = PBXFileReference; explicitFileType = wrapper.cfbundle; includeInIndex = 0; path = SnapshotTests.xctest; sourceTree = BUILT_PRODUCTS_DIR; };
		46E77570242D4736008A5E93 /* Info.plist */ = {isa = PBXFileReference; lastKnownFileType = text.plist.xml; path = Info.plist; sourceTree = "<group>"; };
		46E77578242D476B008A5E93 /* ComponentViewTests.swift */ = {isa = PBXFileReference; fileEncoding = 4; lastKnownFileType = sourcecode.swift; path = ComponentViewTests.swift; sourceTree = "<group>"; };
		46E77579242D476B008A5E93 /* RecyclingViewTests.swift */ = {isa = PBXFileReference; fileEncoding = 4; lastKnownFileType = sourcecode.swift; path = RecyclingViewTests.swift; sourceTree = "<group>"; };
		46E7757B242D476B008A5E93 /* FullscreenViewTests.swift */ = {isa = PBXFileReference; fileEncoding = 4; lastKnownFileType = sourcecode.swift; path = FullscreenViewTests.swift; sourceTree = "<group>"; };
		46E77582242D478D008A5E93 /* XCTestCastExtensions.swift */ = {isa = PBXFileReference; lastKnownFileType = sourcecode.swift; path = XCTestCastExtensions.swift; sourceTree = "<group>"; };
		4D2A37FD2730245600D09D73 /* StoryDemoView.swift */ = {isa = PBXFileReference; lastKnownFileType = sourcecode.swift; path = StoryDemoView.swift; sourceTree = "<group>"; };
		4D529E12258357D0007AE5B6 /* Icons.xcassets */ = {isa = PBXFileReference; lastKnownFileType = folder.assetcatalog; path = Icons.xcassets; sourceTree = "<group>"; };
		4D529E2025837087007AE5B6 /* ImageAsset.swift */ = {isa = PBXFileReference; lastKnownFileType = sourcecode.swift; path = ImageAsset.swift; sourceTree = "<group>"; };
		4DBC039A250A4A38004E8044 /* ExpandCollapseButtonDemoView.swift */ = {isa = PBXFileReference; lastKnownFileType = sourcecode.swift; path = ExpandCollapseButtonDemoView.swift; sourceTree = "<group>"; };
		4DD84281254828910058D6BB /* ProjectUnitsDemoView.swift */ = {isa = PBXFileReference; lastKnownFileType = sourcecode.swift; path = ProjectUnitsDemoView.swift; sourceTree = "<group>"; };
		5B9590A6804FB7A84BDE1926 /* ExtendedProfileDemoView.swift */ = {isa = PBXFileReference; fileEncoding = 4; lastKnownFileType = sourcecode.swift; path = ExtendedProfileDemoView.swift; sourceTree = "<group>"; };
		5B9591016C346EF4BB044C96 /* RealestateSoldStateDemoView.swift */ = {isa = PBXFileReference; fileEncoding = 4; lastKnownFileType = sourcecode.swift; path = RealestateSoldStateDemoView.swift; sourceTree = "<group>"; };
		5B95919B9CFD316597FE1169 /* IPadSnapshotWrapperViewController.swift */ = {isa = PBXFileReference; fileEncoding = 4; lastKnownFileType = sourcecode.swift; path = IPadSnapshotWrapperViewController.swift; sourceTree = "<group>"; };
		5B95995D9396334A8C945E14 /* RealestateAgencyBannerDemoView.swift */ = {isa = PBXFileReference; fileEncoding = 4; lastKnownFileType = sourcecode.swift; path = RealestateAgencyBannerDemoView.swift; sourceTree = "<group>"; };
		5B9599E888EE6D82C0CCC391 /* RealestateAgencyContentDemoView.swift */ = {isa = PBXFileReference; fileEncoding = 4; lastKnownFileType = sourcecode.swift; path = RealestateAgencyContentDemoView.swift; sourceTree = "<group>"; };
		5B959C33C8E418F6ACF89F17 /* FadedExpandableDemoView.swift */ = {isa = PBXFileReference; fileEncoding = 4; lastKnownFileType = sourcecode.swift; path = FadedExpandableDemoView.swift; sourceTree = "<group>"; };
		5D1224C027BF875600A2AD97 /* RecommendationConsentDemoView.swift */ = {isa = PBXFileReference; lastKnownFileType = sourcecode.swift; path = RecommendationConsentDemoView.swift; sourceTree = "<group>"; };
		5DE2A0AB27C4DB84002E2EDA /* RecommendationEmptyDemoView.swift */ = {isa = PBXFileReference; lastKnownFileType = sourcecode.swift; path = RecommendationEmptyDemoView.swift; sourceTree = "<group>"; };
		710C33F226EB5A4D002BAF1A /* HelthjemDemoView.swift */ = {isa = PBXFileReference; fileEncoding = 4; lastKnownFileType = sourcecode.swift; path = HelthjemDemoView.swift; sourceTree = "<group>"; };
		8D68001FA0046522DC369E44 /* SavedSearchSortingDemoView.swift */ = {isa = PBXFileReference; fileEncoding = 4; lastKnownFileType = sourcecode.swift; path = SavedSearchSortingDemoView.swift; sourceTree = "<group>"; };
		8D6800F29F72B6957F2BE564 /* IconLinkListViewDemo.swift */ = {isa = PBXFileReference; fileEncoding = 4; lastKnownFileType = sourcecode.swift; path = IconLinkListViewDemo.swift; sourceTree = "<group>"; };
		8D680197B160A999652BC551 /* ChatAvailabilityDemoView.swift */ = {isa = PBXFileReference; fileEncoding = 4; lastKnownFileType = sourcecode.swift; path = ChatAvailabilityDemoView.swift; sourceTree = "<group>"; };
		8D6803892BCA4EA2979E49FA /* ObjectPageBlinkDemoView.swift */ = {isa = PBXFileReference; fileEncoding = 4; lastKnownFileType = sourcecode.swift; path = ObjectPageBlinkDemoView.swift; sourceTree = "<group>"; };
		8D680896DB471416120C7E0E /* PopularSearchesDemoView.swift */ = {isa = PBXFileReference; fileEncoding = 4; lastKnownFileType = sourcecode.swift; path = PopularSearchesDemoView.swift; sourceTree = "<group>"; };
		8D680D09AE93C13B7B20F08E /* SearchDropdownGroupDemoView.swift */ = {isa = PBXFileReference; fileEncoding = 4; lastKnownFileType = sourcecode.swift; path = SearchDropdownGroupDemoView.swift; sourceTree = "<group>"; };
		8D680D3139FB7C6614DD9BFB /* SearchDropdownDemoView.swift */ = {isa = PBXFileReference; fileEncoding = 4; lastKnownFileType = sourcecode.swift; path = SearchDropdownDemoView.swift; sourceTree = "<group>"; };
		9BA6C4A124336B9A009D417B /* DemoWrapperView.swift */ = {isa = PBXFileReference; lastKnownFileType = sourcecode.swift; path = DemoWrapperView.swift; sourceTree = "<group>"; };
		9BBC903F24FD252B0003D2D8 /* UITraitCollection+Extensions.swift */ = {isa = PBXFileReference; lastKnownFileType = sourcecode.swift; path = "UITraitCollection+Extensions.swift"; sourceTree = "<group>"; };
		9BE474C824979816009620A5 /* BapAdView+Previews.swift */ = {isa = PBXFileReference; fileEncoding = 4; lastKnownFileType = sourcecode.swift; path = "BapAdView+Previews.swift"; sourceTree = "<group>"; };
		9F11791C290FB5B100C7FA90 /* SearchSuggestionsDemoView.swift */ = {isa = PBXFileReference; fileEncoding = 4; lastKnownFileType = sourcecode.swift; path = SearchSuggestionsDemoView.swift; sourceTree = "<group>"; };
		9F11791D290FB5B100C7FA90 /* SearchLandingDemoModels.swift */ = {isa = PBXFileReference; fileEncoding = 4; lastKnownFileType = sourcecode.swift; path = SearchLandingDemoModels.swift; sourceTree = "<group>"; };
		ADC5C5356934C46CBC60D68A /* AdTipsCollapsibleDemoView.swift */ = {isa = PBXFileReference; fileEncoding = 4; lastKnownFileType = sourcecode.swift; path = AdTipsCollapsibleDemoView.swift; sourceTree = "<group>"; };
		ADC5C7228914271986E032E4 /* NumberedAdTipsCollapsibleDemoView.swift */ = {isa = PBXFileReference; fileEncoding = 4; lastKnownFileType = sourcecode.swift; path = NumberedAdTipsCollapsibleDemoView.swift; sourceTree = "<group>"; };
		D6242CF625CD84A9001999CE /* libGenerateAssetsScriptRunner.a */ = {isa = PBXFileReference; explicitFileType = archive.ar; includeInIndex = 0; path = libGenerateAssetsScriptRunner.a; sourceTree = BUILT_PRODUCTS_DIR; };
		DA083C2D2462BCA800B26235 /* SwiftUIDemoViews.swift */ = {isa = PBXFileReference; lastKnownFileType = sourcecode.swift; path = SwiftUIDemoViews.swift; sourceTree = "<group>"; };
		DA2F2714266E28B000E6F17C /* TagCloudGridDemoView.swift */ = {isa = PBXFileReference; lastKnownFileType = sourcecode.swift; path = TagCloudGridDemoView.swift; sourceTree = "<group>"; };
		DA3E1B0E2673B4ED001B7730 /* ExploreDetailDemoView.swift */ = {isa = PBXFileReference; lastKnownFileType = sourcecode.swift; path = ExploreDetailDemoView.swift; sourceTree = "<group>"; };
		DA7B29F12670CAFE0018B11C /* ExploreDemoView.swift */ = {isa = PBXFileReference; lastKnownFileType = sourcecode.swift; path = ExploreDemoView.swift; sourceTree = "<group>"; };
		DAA243B72677850F008B3442 /* ExploreDetailViewModel+Demo.swift */ = {isa = PBXFileReference; lastKnownFileType = sourcecode.swift; path = "ExploreDetailViewModel+Demo.swift"; sourceTree = "<group>"; };
		DAE9CA8624602CB000C7552F /* SwiftUIViewTests.swift */ = {isa = PBXFileReference; lastKnownFileType = sourcecode.swift; path = SwiftUIViewTests.swift; sourceTree = "<group>"; };
		E4DBDD962762335200BE21D8 /* ShippingAlternativesDemoView.swift */ = {isa = PBXFileReference; lastKnownFileType = sourcecode.swift; path = ShippingAlternativesDemoView.swift; sourceTree = "<group>"; };
		E640432328B4CFA30061EB8D /* FiksFerdigContactSellerDemoView.swift */ = {isa = PBXFileReference; lastKnownFileType = sourcecode.swift; path = FiksFerdigContactSellerDemoView.swift; sourceTree = "<group>"; };
		E640A7C32858B0E1002CA903 /* FiskFerdigAccordionDemoView.swift */ = {isa = PBXFileReference; fileEncoding = 4; lastKnownFileType = sourcecode.swift; path = FiskFerdigAccordionDemoView.swift; sourceTree = "<group>"; };
		E640A7C7285B66C0002CA903 /* TimeLineDemoView.swift */ = {isa = PBXFileReference; lastKnownFileType = sourcecode.swift; path = TimeLineDemoView.swift; sourceTree = "<group>"; };
		E640A7CA285C889E002CA903 /* FiksFerdigServiceInfoDemoView.swift */ = {isa = PBXFileReference; lastKnownFileType = sourcecode.swift; path = FiksFerdigServiceInfoDemoView.swift; sourceTree = "<group>"; };
		E68E2D0C283E6BFF009C5792 /* SuggestShippingDemoView.swift */ = {isa = PBXFileReference; lastKnownFileType = sourcecode.swift; path = SuggestShippingDemoView.swift; sourceTree = "<group>"; };
		E6AD7E60283FDD8E00C6D1CA /* ShippingRequestedDemoView.swift */ = {isa = PBXFileReference; lastKnownFileType = sourcecode.swift; path = ShippingRequestedDemoView.swift; sourceTree = "<group>"; };
		E6ADDE6B2849E5C8000D85B4 /* ShippingRequestErrorDemoView.swift */ = {isa = PBXFileReference; lastKnownFileType = sourcecode.swift; path = ShippingRequestErrorDemoView.swift; sourceTree = "<group>"; };
		E6ADF7F22860697700EBCA5F /* ShippingInfoAccordionDemoView.swift */ = {isa = PBXFileReference; lastKnownFileType = sourcecode.swift; path = ShippingInfoAccordionDemoView.swift; sourceTree = "<group>"; };
		E6ADF7F52862004F00EBCA5F /* SafePaymentAccordionDemoView.swift */ = {isa = PBXFileReference; lastKnownFileType = sourcecode.swift; path = SafePaymentAccordionDemoView.swift; sourceTree = "<group>"; };
		E6ADF8EA28636EE700EBCA5F /* FiksFerdingInfoDemoView.swift */ = {isa = PBXFileReference; lastKnownFileType = sourcecode.swift; path = FiksFerdingInfoDemoView.swift; sourceTree = "<group>"; };
		F05770ED2799A70D00C8DD85 /* SnapshotWrapperViewController.swift */ = {isa = PBXFileReference; lastKnownFileType = sourcecode.swift; path = SnapshotWrapperViewController.swift; sourceTree = "<group>"; };
		F0941B6B29CAEDBD005E72AA /* MotorSidebarDemoView.swift */ = {isa = PBXFileReference; lastKnownFileType = sourcecode.swift; path = MotorSidebarDemoView.swift; sourceTree = "<group>"; };
		F09FBC2D2A72CE87005C334B /* ExploreDemoViewController.swift */ = {isa = PBXFileReference; lastKnownFileType = sourcecode.swift; path = ExploreDemoViewController.swift; sourceTree = "<group>"; };
		F0BBDB0F297FE61800018B51 /* ProjectUnitsListDemoView.swift */ = {isa = PBXFileReference; lastKnownFileType = sourcecode.swift; path = ProjectUnitsListDemoView.swift; sourceTree = "<group>"; };
		F0D8D3832857890300FADED2 /* BasicProfileDemoView.swift */ = {isa = PBXFileReference; lastKnownFileType = sourcecode.swift; path = BasicProfileDemoView.swift; sourceTree = "<group>"; };
/* End PBXFileReference section */

/* Begin PBXFrameworksBuildPhase section */
		46AE6FBD242BADC9007BB005 /* Frameworks */ = {
			isa = PBXFrameworksBuildPhase;
			buildActionMask = 2147483647;
			files = (
				F09FBC2A2A72AEFB005C334B /* DemoKit in Frameworks */,
				D61E2C3825C0157600FA8F16 /* FinnUI in Frameworks */,
			);
			runOnlyForDeploymentPostprocessing = 0;
		};
		46E77569242D4736008A5E93 /* Frameworks */ = {
			isa = PBXFrameworksBuildPhase;
			buildActionMask = 2147483647;
			files = (
				F09FBC2C2A72AEFB005C334B /* DemoKitSnapshot in Frameworks */,
			);
			runOnlyForDeploymentPostprocessing = 0;
		};
		D6242CF325CD84A9001999CE /* Frameworks */ = {
			isa = PBXFrameworksBuildPhase;
			buildActionMask = 2147483647;
			files = (
			);
			runOnlyForDeploymentPostprocessing = 0;
		};
/* End PBXFrameworksBuildPhase section */

/* Begin PBXGroup section */
		171E41BF2863028000A4FE2C /* FiksFerdigPriceView */ = {
			isa = PBXGroup;
			children = (
				171E41C0286302D400A4FE2C /* FiksFerdigPriceDemoView.swift */,
			);
			path = FiksFerdigPriceView;
			sourceTree = "<group>";
		};
		46AE6FB7242BADC9007BB005 = {
			isa = PBXGroup;
			children = (
				46AE6FC2242BADC9007BB005 /* Sources */,
				46E7756D242D4736008A5E93 /* SnapshotTests */,
				46AE6FC1242BADC9007BB005 /* Products */,
				46E77560242CFFA5008A5E93 /* Frameworks */,
			);
			sourceTree = "<group>";
		};
		46AE6FC1242BADC9007BB005 /* Products */ = {
			isa = PBXGroup;
			children = (
				46AE6FC0242BADC9007BB005 /* Demo.app */,
				46E7756C242D4736008A5E93 /* SnapshotTests.xctest */,
				D6242CF625CD84A9001999CE /* libGenerateAssetsScriptRunner.a */,
			);
			name = Products;
			sourceTree = "<group>";
		};
		46AE6FC2242BADC9007BB005 /* Sources */ = {
			isa = PBXGroup;
			children = (
				4D529E1625835A23007AE5B6 /* Assets */,
				46E772CB242CEF09008A5E93 /* Components */,
				46E77257242CEF09008A5E93 /* Demo */,
				46E77266242CEF09008A5E93 /* Extensions */,
				46E7726A242CEF09008A5E93 /* Fullscreen */,
				46E77381242CEF09008A5E93 /* Recycling */,
				9BE474C724979816009620A5 /* SwiftUI */,
				46AE6FC3242BADC9007BB005 /* AppDelegate.swift */,
				46AE6FD1242BADCD007BB005 /* Info.plist */,
				46E77377242CEF09008A5E93 /* LaunchScreen.storyboard */,
			);
			path = Sources;
			sourceTree = "<group>";
		};
		46E77257242CEF09008A5E93 /* Demo */ = {
			isa = PBXGroup;
			children = (
				46E77259242CEF09008A5E93 /* DemoViews */,
			);
			path = Demo;
			sourceTree = "<group>";
		};
		46E77259242CEF09008A5E93 /* DemoViews */ = {
			isa = PBXGroup;
			children = (
				46E7725D242CEF09008A5E93 /* ComponentDemoViews.swift */,
				46E7725B242CEF09008A5E93 /* FullscreenDemoViews.swift */,
				46E7725E242CEF09008A5E93 /* RecyclingDemoViews.swift */,
				DA083C2D2462BCA800B26235 /* SwiftUIDemoViews.swift */,
			);
			path = DemoViews;
			sourceTree = "<group>";
		};
		46E77266242CEF09008A5E93 /* Extensions */ = {
			isa = PBXGroup;
			children = (
				9BA6C4A024336B81009D417B /* SwiftUI */,
				46E77267242CEF09008A5E93 /* UIKit */,
				46E77269242CEF09008A5E93 /* TestCheck.swift */,
			);
			path = Extensions;
			sourceTree = "<group>";
		};
		46E77267242CEF09008A5E93 /* UIKit */ = {
			isa = PBXGroup;
			children = (
				46E77268242CEF09008A5E93 /* UIDevice.swift */,
				9BBC903F24FD252B0003D2D8 /* UITraitCollection+Extensions.swift */,
			);
			path = UIKit;
			sourceTree = "<group>";
		};
		46E7726A242CEF09008A5E93 /* Fullscreen */ = {
			isa = PBXGroup;
			children = (
				9F117917290FB2A100C7FA90 /* FrontpageSearch */,
				4D2A37FC2730244100D09D73 /* Stories */,
				DA3E1B0D2673B4DF001B7730 /* ExploreDetail */,
				DA7B29F02670CAEA0018B11C /* Explore */,
				8D6808BAF6E309D495F118C1 /* SavedSearchSorting */,
				46E77290242CEF09008A5E93 /* SplashView */,
				46E7728E242CEF09008A5E93 /* FavoriteAdSorting */,
				D6D43CDE25BF27C000234AC2 /* EasterEgg */,
				8D6802A9ABC8059CC5395B9E /* SearchDropdown */,
			);
			path = Fullscreen;
			sourceTree = "<group>";
		};
		46E77274242CEF09008A5E93 /* SnowGlobe */ = {
			isa = PBXGroup;
			children = (
				46E77275242CEF09008A5E93 /* SnowGlobeDemoView.swift */,
			);
			path = SnowGlobe;
			sourceTree = "<group>";
		};
		46E77276242CEF09008A5E93 /* NewYears */ = {
			isa = PBXGroup;
			children = (
				46E77277242CEF09008A5E93 /* NewYearsDemoView.swift */,
			);
			path = NewYears;
			sourceTree = "<group>";
		};
		46E7728E242CEF09008A5E93 /* FavoriteAdSorting */ = {
			isa = PBXGroup;
			children = (
				46E7728F242CEF09008A5E93 /* FavoriteAdSortingDemoView.swift */,
			);
			path = FavoriteAdSorting;
			sourceTree = "<group>";
		};
		46E77290242CEF09008A5E93 /* SplashView */ = {
			isa = PBXGroup;
			children = (
				46E77291242CEF09008A5E93 /* SplashDemoView.swift */,
			);
			path = SplashView;
			sourceTree = "<group>";
		};
		46E772CB242CEF09008A5E93 /* Components */ = {
			isa = PBXGroup;
			children = (
				F0D8D382285788E300FADED2 /* BasicProfile */,
				E640432128B4CF2D0061EB8D /* Fiks Ferdig */,
				ADC5C709E0338FF2B7D08358 /* AdTipsCollapsibleView */,
				8D680B67DAB7BFCB028C94EE /* ChatAvailability */,
				4DBC0399250A495D004E8044 /* ExpandCollapseButton */,
				5B959973A0305C31A0B99FFE /* FadedExpandableView */,
				710C33F126EB5A4D002BAF1A /* HelthjemView */,
				8D680186E91B4FA9052BF60C /* IconLinkListView */,
				F0941B6A29CAEDA5005E72AA /* MotorSidebar */,
				8D680BBD858E71F3F90C6A1C /* ObjectPageBlinkView */,
				8D680EE0BE80227384CFC7E3 /* PopularSearchesView */,
				F0BBDB0E297FE5F400018B51 /* ProjectUnitsListView */,
				5B9599023D2EDC40DD573783 /* RealestateAgencyContent */,
				5B9596DA9EC0E8F60BDF82E9 /* RealestateSoldState */,
				5D1224BF27BF872400A2AD97 /* RecommendationConsentView */,
				5DE2A0AA27C4DB63002E2EDA /* RecommendationEmptyView */,
				46E772EA242CEF09008A5E93 /* SaveSearch */,
				8D680CEAEE8620B4DD78D96C /* SearchDropdownGroup */,
				E4DBDD952762332300BE21D8 /* ShippingAlternativesView */,
				E68E2D0B283E6B77009C5792 /* SuggestShipping */,
				DA2F2713266E276D00E6F17C /* TagCloudGridView */,
				5B95945BFA1580B77EC4F696 /* ExtendedProfile */,
				E640A7C22858B0E1002CA903 /* TimeLineView */,
				5B959225F96A844EB3287ECD /* RealestateAgencyBannerView */,
			);
			path = Components;
			sourceTree = "<group>";
		};
		46E772EA242CEF09008A5E93 /* SaveSearch */ = {
			isa = PBXGroup;
			children = (
				46E772EB242CEF09008A5E93 /* SaveSearchViewDemoView.swift */,
			);
			path = SaveSearch;
			sourceTree = "<group>";
		};
		46E77381242CEF09008A5E93 /* Recycling */ = {
			isa = PBXGroup;
			children = (
				46E7738D242CEF0A008A5E93 /* ListViews */,
			);
			path = Recycling;
			sourceTree = "<group>";
		};
		46E7738D242CEF0A008A5E93 /* ListViews */ = {
			isa = PBXGroup;
			children = (
				4DD84280254828840058D6BB /* ProjectUnits */,
			);
			path = ListViews;
			sourceTree = "<group>";
		};
		46E77560242CFFA5008A5E93 /* Frameworks */ = {
			isa = PBXGroup;
			children = (
			);
			name = Frameworks;
			sourceTree = "<group>";
		};
		46E7756D242D4736008A5E93 /* SnapshotTests */ = {
			isa = PBXGroup;
			children = (
				46E77578242D476B008A5E93 /* ComponentViewTests.swift */,
				46E7757B242D476B008A5E93 /* FullscreenViewTests.swift */,
				46E77579242D476B008A5E93 /* RecyclingViewTests.swift */,
				DAE9CA8624602CB000C7552F /* SwiftUIViewTests.swift */,
				46E77570242D4736008A5E93 /* Info.plist */,
				F05770EF2799AB4100C8DD85 /* Wrappers */,
				46E77582242D478D008A5E93 /* XCTestCastExtensions.swift */,
			);
			path = SnapshotTests;
			sourceTree = "<group>";
		};
		4D2A37FC2730244100D09D73 /* Stories */ = {
			isa = PBXGroup;
			children = (
				4D2A37FD2730245600D09D73 /* StoryDemoView.swift */,
			);
			path = Stories;
			sourceTree = "<group>";
		};
		4D529E1625835A23007AE5B6 /* Assets */ = {
			isa = PBXGroup;
			children = (
				4D529E12258357D0007AE5B6 /* Icons.xcassets */,
				46E77378242CEF09008A5E93 /* Assets.xcassets */,
				4D529E2025837087007AE5B6 /* ImageAsset.swift */,
			);
			path = Assets;
			sourceTree = "<group>";
		};
		4DBC0399250A495D004E8044 /* ExpandCollapseButton */ = {
			isa = PBXGroup;
			children = (
				4DBC039A250A4A38004E8044 /* ExpandCollapseButtonDemoView.swift */,
			);
			path = ExpandCollapseButton;
			sourceTree = "<group>";
		};
		4DD84280254828840058D6BB /* ProjectUnits */ = {
			isa = PBXGroup;
			children = (
				4DD84281254828910058D6BB /* ProjectUnitsDemoView.swift */,
			);
			path = ProjectUnits;
			sourceTree = "<group>";
		};
		5B959225F96A844EB3287ECD /* RealestateAgencyBannerView */ = {
			isa = PBXGroup;
			children = (
				5B95995D9396334A8C945E14 /* RealestateAgencyBannerDemoView.swift */,
			);
			path = RealestateAgencyBannerView;
			sourceTree = "<group>";
		};
		5B95945BFA1580B77EC4F696 /* ExtendedProfile */ = {
			isa = PBXGroup;
			children = (
				5B9590A6804FB7A84BDE1926 /* ExtendedProfileDemoView.swift */,
			);
			path = ExtendedProfile;
			sourceTree = "<group>";
		};
		5B9596DA9EC0E8F60BDF82E9 /* RealestateSoldState */ = {
			isa = PBXGroup;
			children = (
				5B9591016C346EF4BB044C96 /* RealestateSoldStateDemoView.swift */,
			);
			path = RealestateSoldState;
			sourceTree = "<group>";
		};
		5B9599023D2EDC40DD573783 /* RealestateAgencyContent */ = {
			isa = PBXGroup;
			children = (
				5B9599E888EE6D82C0CCC391 /* RealestateAgencyContentDemoView.swift */,
			);
			path = RealestateAgencyContent;
			sourceTree = "<group>";
		};
		5B959973A0305C31A0B99FFE /* FadedExpandableView */ = {
			isa = PBXGroup;
			children = (
				5B959C33C8E418F6ACF89F17 /* FadedExpandableDemoView.swift */,
			);
			path = FadedExpandableView;
			sourceTree = "<group>";
		};
		5D1224BF27BF872400A2AD97 /* RecommendationConsentView */ = {
			isa = PBXGroup;
			children = (
				5D1224C027BF875600A2AD97 /* RecommendationConsentDemoView.swift */,
			);
			path = RecommendationConsentView;
			sourceTree = "<group>";
		};
		5DE2A0AA27C4DB63002E2EDA /* RecommendationEmptyView */ = {
			isa = PBXGroup;
			children = (
				5DE2A0AB27C4DB84002E2EDA /* RecommendationEmptyDemoView.swift */,
			);
			path = RecommendationEmptyView;
			sourceTree = "<group>";
		};
		710C33F126EB5A4D002BAF1A /* HelthjemView */ = {
			isa = PBXGroup;
			children = (
				710C33F226EB5A4D002BAF1A /* HelthjemDemoView.swift */,
			);
			path = HelthjemView;
			sourceTree = "<group>";
		};
		8D680186E91B4FA9052BF60C /* IconLinkListView */ = {
			isa = PBXGroup;
			children = (
				8D6800F29F72B6957F2BE564 /* IconLinkListViewDemo.swift */,
			);
			path = IconLinkListView;
			sourceTree = "<group>";
		};
		8D6802A9ABC8059CC5395B9E /* SearchDropdown */ = {
			isa = PBXGroup;
			children = (
				8D680D3139FB7C6614DD9BFB /* SearchDropdownDemoView.swift */,
			);
			path = SearchDropdown;
			sourceTree = "<group>";
		};
		8D6808BAF6E309D495F118C1 /* SavedSearchSorting */ = {
			isa = PBXGroup;
			children = (
				8D68001FA0046522DC369E44 /* SavedSearchSortingDemoView.swift */,
			);
			path = SavedSearchSorting;
			sourceTree = "<group>";
		};
		8D680B67DAB7BFCB028C94EE /* ChatAvailability */ = {
			isa = PBXGroup;
			children = (
				8D680197B160A999652BC551 /* ChatAvailabilityDemoView.swift */,
			);
			path = ChatAvailability;
			sourceTree = "<group>";
		};
		8D680BBD858E71F3F90C6A1C /* ObjectPageBlinkView */ = {
			isa = PBXGroup;
			children = (
				8D6803892BCA4EA2979E49FA /* ObjectPageBlinkDemoView.swift */,
			);
			path = ObjectPageBlinkView;
			sourceTree = "<group>";
		};
		8D680CEAEE8620B4DD78D96C /* SearchDropdownGroup */ = {
			isa = PBXGroup;
			children = (
				8D680D09AE93C13B7B20F08E /* SearchDropdownGroupDemoView.swift */,
			);
			path = SearchDropdownGroup;
			sourceTree = "<group>";
		};
		8D680EE0BE80227384CFC7E3 /* PopularSearchesView */ = {
			isa = PBXGroup;
			children = (
				8D680896DB471416120C7E0E /* PopularSearchesDemoView.swift */,
			);
			path = PopularSearchesView;
			sourceTree = "<group>";
		};
		9BA6C4A024336B81009D417B /* SwiftUI */ = {
			isa = PBXGroup;
			children = (
				9BA6C4A124336B9A009D417B /* DemoWrapperView.swift */,
			);
			path = SwiftUI;
			sourceTree = "<group>";
		};
		9BE474C724979816009620A5 /* SwiftUI */ = {
			isa = PBXGroup;
			children = (
				9BE474C824979816009620A5 /* BapAdView+Previews.swift */,
			);
			path = SwiftUI;
			sourceTree = "<group>";
		};
		9F117917290FB2A100C7FA90 /* FrontpageSearch */ = {
			isa = PBXGroup;
			children = (
				9F11791D290FB5B100C7FA90 /* SearchLandingDemoModels.swift */,
				9F11791C290FB5B100C7FA90 /* SearchSuggestionsDemoView.swift */,
			);
			path = FrontpageSearch;
			sourceTree = "<group>";
		};
		ADC5C709E0338FF2B7D08358 /* AdTipsCollapsibleView */ = {
			isa = PBXGroup;
			children = (
				ADC5C5356934C46CBC60D68A /* AdTipsCollapsibleDemoView.swift */,
				ADC5C7228914271986E032E4 /* NumberedAdTipsCollapsibleDemoView.swift */,
			);
			path = AdTipsCollapsibleView;
			sourceTree = "<group>";
		};
		D6D43CDE25BF27C000234AC2 /* EasterEgg */ = {
			isa = PBXGroup;
			children = (
				46E77276242CEF09008A5E93 /* NewYears */,
				46E77274242CEF09008A5E93 /* SnowGlobe */,
			);
			path = EasterEgg;
			sourceTree = "<group>";
		};
		DA2F2713266E276D00E6F17C /* TagCloudGridView */ = {
			isa = PBXGroup;
			children = (
				DA2F2714266E28B000E6F17C /* TagCloudGridDemoView.swift */,
			);
			path = TagCloudGridView;
			sourceTree = "<group>";
		};
		DA3E1B0D2673B4DF001B7730 /* ExploreDetail */ = {
			isa = PBXGroup;
			children = (
				DA3E1B0E2673B4ED001B7730 /* ExploreDetailDemoView.swift */,
				DAA243B72677850F008B3442 /* ExploreDetailViewModel+Demo.swift */,
			);
			path = ExploreDetail;
			sourceTree = "<group>";
		};
		DA7B29F02670CAEA0018B11C /* Explore */ = {
			isa = PBXGroup;
			children = (
				DA7B29F12670CAFE0018B11C /* ExploreDemoView.swift */,
				F09FBC2D2A72CE87005C334B /* ExploreDemoViewController.swift */,
			);
			path = Explore;
			sourceTree = "<group>";
		};
		E4DBDD952762332300BE21D8 /* ShippingAlternativesView */ = {
			isa = PBXGroup;
			children = (
				E4DBDD962762335200BE21D8 /* ShippingAlternativesDemoView.swift */,
			);
			path = ShippingAlternativesView;
			sourceTree = "<group>";
		};
		E640432128B4CF2D0061EB8D /* Fiks Ferdig */ = {
			isa = PBXGroup;
			children = (
				E640432228B4CF8B0061EB8D /* FiksFerdigContactSellerView */,
				E6ADF8E928636EA700EBCA5F /* FiksFerdigInfoView */,
				171E41BF2863028000A4FE2C /* FiksFerdigPriceView */,
			);
			path = "Fiks Ferdig";
			sourceTree = "<group>";
		};
		E640432228B4CF8B0061EB8D /* FiksFerdigContactSellerView */ = {
			isa = PBXGroup;
			children = (
				E640432328B4CFA30061EB8D /* FiksFerdigContactSellerDemoView.swift */,
			);
			path = FiksFerdigContactSellerView;
			sourceTree = "<group>";
		};
		E640A7C22858B0E1002CA903 /* TimeLineView */ = {
			isa = PBXGroup;
			children = (
				E640A7C7285B66C0002CA903 /* TimeLineDemoView.swift */,
			);
			name = TimeLineView;
			path = Sources/Components/TimeLineView;
			sourceTree = SOURCE_ROOT;
		};
		E68E2D0B283E6B77009C5792 /* SuggestShipping */ = {
			isa = PBXGroup;
			children = (
				E68E2D0C283E6BFF009C5792 /* SuggestShippingDemoView.swift */,
				E6AD7E60283FDD8E00C6D1CA /* ShippingRequestedDemoView.swift */,
				E6ADDE6B2849E5C8000D85B4 /* ShippingRequestErrorDemoView.swift */,
			);
			path = SuggestShipping;
			sourceTree = "<group>";
		};
		E6ADF8E928636EA700EBCA5F /* FiksFerdigInfoView */ = {
			isa = PBXGroup;
			children = (
				E640A7CA285C889E002CA903 /* FiksFerdigServiceInfoDemoView.swift */,
				E6ADF7F22860697700EBCA5F /* ShippingInfoAccordionDemoView.swift */,
				E6ADF7F52862004F00EBCA5F /* SafePaymentAccordionDemoView.swift */,
				E640A7C32858B0E1002CA903 /* FiskFerdigAccordionDemoView.swift */,
				E6ADF8EA28636EE700EBCA5F /* FiksFerdingInfoDemoView.swift */,
			);
			path = FiksFerdigInfoView;
			sourceTree = "<group>";
		};
		F05770EF2799AB4100C8DD85 /* Wrappers */ = {
			isa = PBXGroup;
			children = (
				5B95919B9CFD316597FE1169 /* IPadSnapshotWrapperViewController.swift */,
				F05770ED2799A70D00C8DD85 /* SnapshotWrapperViewController.swift */,
			);
			path = Wrappers;
			sourceTree = "<group>";
		};
		F0941B6A29CAEDA5005E72AA /* MotorSidebar */ = {
			isa = PBXGroup;
			children = (
				F0941B6B29CAEDBD005E72AA /* MotorSidebarDemoView.swift */,
			);
			path = MotorSidebar;
			sourceTree = "<group>";
		};
		F0BBDB0E297FE5F400018B51 /* ProjectUnitsListView */ = {
			isa = PBXGroup;
			children = (
				F0BBDB0F297FE61800018B51 /* ProjectUnitsListDemoView.swift */,
			);
			path = ProjectUnitsListView;
			sourceTree = "<group>";
		};
		F0D8D382285788E300FADED2 /* BasicProfile */ = {
			isa = PBXGroup;
			children = (
				F0D8D3832857890300FADED2 /* BasicProfileDemoView.swift */,
			);
			path = BasicProfile;
			sourceTree = "<group>";
		};
/* End PBXGroup section */

/* Begin PBXNativeTarget section */
		46AE6FBF242BADC9007BB005 /* Demo */ = {
			isa = PBXNativeTarget;
			buildConfigurationList = 46AE6FD4242BADCD007BB005 /* Build configuration list for PBXNativeTarget "Demo" */;
			buildPhases = (
				4D529E0C25835570007AE5B6 /* Generate constants for assets names (Demo) */,
				46AE6FBC242BADC9007BB005 /* Sources */,
				46AE6FBD242BADC9007BB005 /* Frameworks */,
				46AE6FBE242BADC9007BB005 /* Resources */,
				46E77567242CFFA5008A5E93 /* Embed Frameworks */,
				46F73A272431F491005D730A /* Swiftlint */,
			);
			buildRules = (
			);
			dependencies = (
				D6242D0525CD8559001999CE /* PBXTargetDependency */,
			);
			name = Demo;
			packageProductDependencies = (
				D61E2C3725C0157600FA8F16 /* FinnUI */,
				F09FBC292A72AEFB005C334B /* DemoKit */,
			);
			productName = Demo;
			productReference = 46AE6FC0242BADC9007BB005 /* Demo.app */;
			productType = "com.apple.product-type.application";
		};
		46E7756B242D4736008A5E93 /* SnapshotTests */ = {
			isa = PBXNativeTarget;
			buildConfigurationList = 46E77573242D4736008A5E93 /* Build configuration list for PBXNativeTarget "SnapshotTests" */;
			buildPhases = (
				46E77568242D4736008A5E93 /* Sources */,
				46E77569242D4736008A5E93 /* Frameworks */,
				46E7756A242D4736008A5E93 /* Resources */,
			);
			buildRules = (
			);
			dependencies = (
				46E77572242D4736008A5E93 /* PBXTargetDependency */,
			);
			name = SnapshotTests;
			packageProductDependencies = (
				F09FBC2B2A72AEFB005C334B /* DemoKitSnapshot */,
			);
			productName = SnapshotTests;
			productReference = 46E7756C242D4736008A5E93 /* SnapshotTests.xctest */;
			productType = "com.apple.product-type.bundle.unit-test";
		};
		D6242CF525CD84A9001999CE /* GenerateAssetsScriptRunner */ = {
			isa = PBXNativeTarget;
			buildConfigurationList = D6242CFA25CD84A9001999CE /* Build configuration list for PBXNativeTarget "GenerateAssetsScriptRunner" */;
			buildPhases = (
				D6242D0125CD84E1001999CE /* Generate constants for assets names (FinnUI) */,
				D6242CF225CD84A9001999CE /* Sources */,
				D6242CF325CD84A9001999CE /* Frameworks */,
				D6242CF425CD84A9001999CE /* CopyFiles */,
			);
			buildRules = (
			);
			dependencies = (
			);
			name = GenerateAssetsScriptRunner;
			productName = GenerateAssetsScriptRunner;
			productReference = D6242CF625CD84A9001999CE /* libGenerateAssetsScriptRunner.a */;
			productType = "com.apple.product-type.library.static";
		};
/* End PBXNativeTarget section */

/* Begin PBXProject section */
		46AE6FB8242BADC9007BB005 /* Project object */ = {
			isa = PBXProject;
			attributes = {
				LastSwiftUpdateCheck = 1240;
				LastUpgradeCheck = 1220;
				ORGANIZATIONNAME = "FINN.no AS";
				TargetAttributes = {
					46AE6FBF242BADC9007BB005 = {
						CreatedOnToolsVersion = 11.3.1;
					};
					46E7756B242D4736008A5E93 = {
						CreatedOnToolsVersion = 11.4;
						TestTargetID = 46AE6FBF242BADC9007BB005;
					};
					D6242CF525CD84A9001999CE = {
						CreatedOnToolsVersion = 12.4;
					};
				};
			};
			buildConfigurationList = 46AE6FBB242BADC9007BB005 /* Build configuration list for PBXProject "Demo" */;
			compatibilityVersion = "Xcode 9.3";
			developmentRegion = en;
			hasScannedForEncodings = 0;
			knownRegions = (
				en,
				Base,
			);
			mainGroup = 46AE6FB7242BADC9007BB005;
			packageReferences = (
				F09FBC282A72AEFB005C334B /* XCRemoteSwiftPackageReference "DemoKit-iOS" */,
			);
			productRefGroup = 46AE6FC1242BADC9007BB005 /* Products */;
			projectDirPath = "";
			projectRoot = "";
			targets = (
				46AE6FBF242BADC9007BB005 /* Demo */,
				46E7756B242D4736008A5E93 /* SnapshotTests */,
				D6242CF525CD84A9001999CE /* GenerateAssetsScriptRunner */,
			);
		};
/* End PBXProject section */

/* Begin PBXResourcesBuildPhase section */
		46AE6FBE242BADC9007BB005 /* Resources */ = {
			isa = PBXResourcesBuildPhase;
			buildActionMask = 2147483647;
			files = (
				46E7744F242CEF0A008A5E93 /* LaunchScreen.storyboard in Resources */,
				4D529E13258357D0007AE5B6 /* Icons.xcassets in Resources */,
				46E77450242CEF0A008A5E93 /* Assets.xcassets in Resources */,
			);
			runOnlyForDeploymentPostprocessing = 0;
		};
		46E7756A242D4736008A5E93 /* Resources */ = {
			isa = PBXResourcesBuildPhase;
			buildActionMask = 2147483647;
			files = (
			);
			runOnlyForDeploymentPostprocessing = 0;
		};
/* End PBXResourcesBuildPhase section */

/* Begin PBXShellScriptBuildPhase section */
		46F73A272431F491005D730A /* Swiftlint */ = {
			isa = PBXShellScriptBuildPhase;
			buildActionMask = 2147483647;
			files = (
			);
			inputFileListPaths = (
			);
			inputPaths = (
			);
			name = Swiftlint;
			outputFileListPaths = (
			);
			outputPaths = (
			);
			runOnlyForDeploymentPostprocessing = 0;
			shellPath = /bin/sh;
			shellScript = "if which swiftlint >/dev/null; then\n    swiftlint --config \"${SRCROOT}/../.swiftlint.yml\"\nelse\n    echo \"warning: SwiftLint not installed, download from https://github.com/realm/SwiftLint or brew install swiftlint\"\nfi\n";
		};
		4D529E0C25835570007AE5B6 /* Generate constants for assets names (Demo) */ = {
			isa = PBXShellScriptBuildPhase;
			buildActionMask = 2147483647;
			files = (
			);
			inputFileListPaths = (
			);
			inputPaths = (
			);
			name = "Generate constants for assets names (Demo)";
			outputFileListPaths = (
			);
			outputPaths = (
			);
			runOnlyForDeploymentPostprocessing = 0;
			shellPath = /bin/sh;
			shellScript = "ruby \"${SRCROOT}/../Scripts/generate_image_assets_symbols\" \"${SRCROOT}\" ImageAsset\n";
		};
		D6242D0125CD84E1001999CE /* Generate constants for assets names (FinnUI) */ = {
			isa = PBXShellScriptBuildPhase;
			alwaysOutOfDate = 1;
			buildActionMask = 2147483647;
			files = (
			);
			inputFileListPaths = (
			);
			inputPaths = (
			);
			name = "Generate constants for assets names (FinnUI)";
			outputFileListPaths = (
			);
			outputPaths = (
			);
			runOnlyForDeploymentPostprocessing = 0;
			shellPath = /bin/sh;
			shellScript = "ruby \"${SRCROOT}/../Scripts/generate_image_assets_symbols\" \"${SRCROOT}/..\" ImageAsset\n";
		};
/* End PBXShellScriptBuildPhase section */

/* Begin PBXSourcesBuildPhase section */
		46AE6FBC242BADC9007BB005 /* Sources */ = {
			isa = PBXSourcesBuildPhase;
			buildActionMask = 2147483647;
			files = (
				D6D43CF725BF2FA900234AC2 /* NewYearsDemoView.swift in Sources */,
				4D529E2125837087007AE5B6 /* ImageAsset.swift in Sources */,
				9BBC904024FD252B0003D2D8 /* UITraitCollection+Extensions.swift in Sources */,
				DA083C2E2462BCA800B26235 /* SwiftUIDemoViews.swift in Sources */,
				46AE6FC4242BADC9007BB005 /* AppDelegate.swift in Sources */,
				F09FBC2E2A72CE87005C334B /* ExploreDemoViewController.swift in Sources */,
				9F11791F290FB5B100C7FA90 /* SearchLandingDemoModels.swift in Sources */,
				D6D43CF125BF2FA900234AC2 /* SavedSearchSortingDemoView.swift in Sources */,
				E640432428B4CFA30061EB8D /* FiksFerdigContactSellerDemoView.swift in Sources */,
				710C33F326EB5A4E002BAF1A /* HelthjemDemoView.swift in Sources */,
				E640A7C42858B0E1002CA903 /* FiskFerdigAccordionDemoView.swift in Sources */,
				E6ADF8EB28636EE700EBCA5F /* FiksFerdingInfoDemoView.swift in Sources */,
				D6D43CEA25BF2F4D00234AC2 /* ObjectPageBlinkDemoView.swift in Sources */,
				4D2A37FE2730245600D09D73 /* StoryDemoView.swift in Sources */,
				46E773A8242CEF0A008A5E93 /* ComponentDemoViews.swift in Sources */,
				D6D43CE425BF2F4D00234AC2 /* SaveSearchViewDemoView.swift in Sources */,
				D6D43CF025BF2FA900234AC2 /* SnowGlobeDemoView.swift in Sources */,
				9F11791E290FB5B100C7FA90 /* SearchSuggestionsDemoView.swift in Sources */,
				E4DBDD972762335200BE21D8 /* ShippingAlternativesDemoView.swift in Sources */,
				DAA243B82677850F008B3442 /* ExploreDetailViewModel+Demo.swift in Sources */,
				DA2F2715266E28B000E6F17C /* TagCloudGridDemoView.swift in Sources */,
				E6ADDE6C2849E5C8000D85B4 /* ShippingRequestErrorDemoView.swift in Sources */,
				F0941B6C29CAEDBD005E72AA /* MotorSidebarDemoView.swift in Sources */,
				D6D43CE925BF2F4D00234AC2 /* ChatAvailabilityDemoView.swift in Sources */,
				46E773B2242CEF0A008A5E93 /* TestCheck.swift in Sources */,
				E68E2D0D283E6BFF009C5792 /* SuggestShippingDemoView.swift in Sources */,
				E6AD7E61283FDD8E00C6D1CA /* ShippingRequestedDemoView.swift in Sources */,
				DA7B29F22670CAFE0018B11C /* ExploreDemoView.swift in Sources */,
				D6D43CF625BF2FA900234AC2 /* FavoriteAdSortingDemoView.swift in Sources */,
				D6D43CF325BF2FA900234AC2 /* SplashDemoView.swift in Sources */,
				46E773B1242CEF0A008A5E93 /* UIDevice.swift in Sources */,
				5D1224C127BF875600A2AD97 /* RecommendationConsentDemoView.swift in Sources */,
				46E773A6242CEF0A008A5E93 /* FullscreenDemoViews.swift in Sources */,
				F0D8D3842857890300FADED2 /* BasicProfileDemoView.swift in Sources */,
				9BA6C4A224336B9A009D417B /* DemoWrapperView.swift in Sources */,
				46E773A9242CEF0A008A5E93 /* RecyclingDemoViews.swift in Sources */,
				F0BBDB10297FE61800018B51 /* ProjectUnitsListDemoView.swift in Sources */,
				D6D43CEB25BF2F4D00234AC2 /* ExpandCollapseButtonDemoView.swift in Sources */,
				E640A7C8285B66C0002CA903 /* TimeLineDemoView.swift in Sources */,
				E6ADF7F62862004F00EBCA5F /* SafePaymentAccordionDemoView.swift in Sources */,
				D6D43CFB25BF2FDD00234AC2 /* ProjectUnitsDemoView.swift in Sources */,
				E640A7CB285C889E002CA903 /* FiksFerdigServiceInfoDemoView.swift in Sources */,
				DA3E1B0F2673B4ED001B7730 /* ExploreDetailDemoView.swift in Sources */,
				D6D43CE525BF2F4D00234AC2 /* IconLinkListViewDemo.swift in Sources */,
				8D680B94EF5A2484F34CE9AB /* SearchDropdownGroupDemoView.swift in Sources */,
				8D680A91CD2C95FDA6334007 /* PopularSearchesDemoView.swift in Sources */,
				8D6809D9F29B489936910F12 /* SearchDropdownDemoView.swift in Sources */,
				E6ADF7F32860697700EBCA5F /* ShippingInfoAccordionDemoView.swift in Sources */,
				5DE2A0AC27C4DB84002E2EDA /* RecommendationEmptyDemoView.swift in Sources */,
				171E41C1286302D400A4FE2C /* FiksFerdigPriceDemoView.swift in Sources */,
				ADC5C001F9CB596AAA8A6766 /* AdTipsCollapsibleDemoView.swift in Sources */,
				ADC5CBBC2AE659F8B588F876 /* NumberedAdTipsCollapsibleDemoView.swift in Sources */,
				5B959FA1E7529B5DF3EE7315 /* RealestateSoldStateDemoView.swift in Sources */,
				5B9599DAB9A28758FA2708DF /* RealestateAgencyContentDemoView.swift in Sources */,
				5B959FB12D2D88BA79394529 /* FadedExpandableDemoView.swift in Sources */,
				5B95976862EDDE331E488125 /* ExtendedProfileDemoView.swift in Sources */,
				5B959EBF748677519F0F9039 /* RealestateAgencyBannerDemoView.swift in Sources */,
			);
			runOnlyForDeploymentPostprocessing = 0;
		};
		46E77568242D4736008A5E93 /* Sources */ = {
			isa = PBXSourcesBuildPhase;
			buildActionMask = 2147483647;
			files = (
				46E7757E242D476B008A5E93 /* ComponentViewTests.swift in Sources */,
				46E77580242D476B008A5E93 /* RecyclingViewTests.swift in Sources */,
				DAE9CA8724602CB000C7552F /* SwiftUIViewTests.swift in Sources */,
				46E77581242D476B008A5E93 /* FullscreenViewTests.swift in Sources */,
				46E77583242D478D008A5E93 /* XCTestCastExtensions.swift in Sources */,
				F05770EE2799A70D00C8DD85 /* SnapshotWrapperViewController.swift in Sources */,
				5B95900E89AE9E9723E71E21 /* IPadSnapshotWrapperViewController.swift in Sources */,
			);
			runOnlyForDeploymentPostprocessing = 0;
		};
		D6242CF225CD84A9001999CE /* Sources */ = {
			isa = PBXSourcesBuildPhase;
			buildActionMask = 2147483647;
			files = (
			);
			runOnlyForDeploymentPostprocessing = 0;
		};
/* End PBXSourcesBuildPhase section */

/* Begin PBXTargetDependency section */
		46E77572242D4736008A5E93 /* PBXTargetDependency */ = {
			isa = PBXTargetDependency;
			target = 46AE6FBF242BADC9007BB005 /* Demo */;
			targetProxy = 46E77571242D4736008A5E93 /* PBXContainerItemProxy */;
		};
		D6242D0525CD8559001999CE /* PBXTargetDependency */ = {
			isa = PBXTargetDependency;
			target = D6242CF525CD84A9001999CE /* GenerateAssetsScriptRunner */;
			targetProxy = D6242D0425CD8559001999CE /* PBXContainerItemProxy */;
		};
/* End PBXTargetDependency section */

/* Begin XCBuildConfiguration section */
		46AE6FD2242BADCD007BB005 /* Debug */ = {
			isa = XCBuildConfiguration;
			buildSettings = {
				ALWAYS_SEARCH_USER_PATHS = NO;
				CLANG_ANALYZER_NONNULL = YES;
				CLANG_ANALYZER_NUMBER_OBJECT_CONVERSION = YES_AGGRESSIVE;
				CLANG_CXX_LANGUAGE_STANDARD = "gnu++14";
				CLANG_CXX_LIBRARY = "libc++";
				CLANG_ENABLE_MODULES = YES;
				CLANG_ENABLE_OBJC_ARC = YES;
				CLANG_ENABLE_OBJC_WEAK = YES;
				CLANG_WARN_BLOCK_CAPTURE_AUTORELEASING = YES;
				CLANG_WARN_BOOL_CONVERSION = YES;
				CLANG_WARN_COMMA = YES;
				CLANG_WARN_CONSTANT_CONVERSION = YES;
				CLANG_WARN_DEPRECATED_OBJC_IMPLEMENTATIONS = YES;
				CLANG_WARN_DIRECT_OBJC_ISA_USAGE = YES_ERROR;
				CLANG_WARN_DOCUMENTATION_COMMENTS = YES;
				CLANG_WARN_EMPTY_BODY = YES;
				CLANG_WARN_ENUM_CONVERSION = YES;
				CLANG_WARN_INFINITE_RECURSION = YES;
				CLANG_WARN_INT_CONVERSION = YES;
				CLANG_WARN_NON_LITERAL_NULL_CONVERSION = YES;
				CLANG_WARN_OBJC_IMPLICIT_RETAIN_SELF = YES;
				CLANG_WARN_OBJC_LITERAL_CONVERSION = YES;
				CLANG_WARN_OBJC_ROOT_CLASS = YES_ERROR;
				CLANG_WARN_QUOTED_INCLUDE_IN_FRAMEWORK_HEADER = YES;
				CLANG_WARN_RANGE_LOOP_ANALYSIS = YES;
				CLANG_WARN_STRICT_PROTOTYPES = YES;
				CLANG_WARN_SUSPICIOUS_MOVE = YES;
				CLANG_WARN_UNGUARDED_AVAILABILITY = YES_AGGRESSIVE;
				CLANG_WARN_UNREACHABLE_CODE = YES;
				CLANG_WARN__DUPLICATE_METHOD_MATCH = YES;
				COPY_PHASE_STRIP = NO;
				DEBUG_INFORMATION_FORMAT = dwarf;
				ENABLE_STRICT_OBJC_MSGSEND = YES;
				ENABLE_TESTABILITY = YES;
				GCC_C_LANGUAGE_STANDARD = gnu11;
				GCC_DYNAMIC_NO_PIC = NO;
				GCC_NO_COMMON_BLOCKS = YES;
				GCC_OPTIMIZATION_LEVEL = 0;
				GCC_PREPROCESSOR_DEFINITIONS = (
					"DEBUG=1",
					"$(inherited)",
				);
				GCC_WARN_64_TO_32_BIT_CONVERSION = YES;
				GCC_WARN_ABOUT_RETURN_TYPE = YES_ERROR;
				GCC_WARN_UNDECLARED_SELECTOR = YES;
				GCC_WARN_UNINITIALIZED_AUTOS = YES_AGGRESSIVE;
				GCC_WARN_UNUSED_FUNCTION = YES;
				GCC_WARN_UNUSED_VARIABLE = YES;
				IPHONEOS_DEPLOYMENT_TARGET = 15.0;
				MTL_ENABLE_DEBUG_INFO = INCLUDE_SOURCE;
				MTL_FAST_MATH = YES;
				ONLY_ACTIVE_ARCH = YES;
				SDKROOT = iphoneos;
				SWIFT_ACTIVE_COMPILATION_CONDITIONS = DEBUG;
				SWIFT_OPTIMIZATION_LEVEL = "-Onone";
			};
			name = Debug;
		};
		46AE6FD3242BADCD007BB005 /* Release */ = {
			isa = XCBuildConfiguration;
			buildSettings = {
				ALWAYS_SEARCH_USER_PATHS = NO;
				CLANG_ANALYZER_NONNULL = YES;
				CLANG_ANALYZER_NUMBER_OBJECT_CONVERSION = YES_AGGRESSIVE;
				CLANG_CXX_LANGUAGE_STANDARD = "gnu++14";
				CLANG_CXX_LIBRARY = "libc++";
				CLANG_ENABLE_MODULES = YES;
				CLANG_ENABLE_OBJC_ARC = YES;
				CLANG_ENABLE_OBJC_WEAK = YES;
				CLANG_WARN_BLOCK_CAPTURE_AUTORELEASING = YES;
				CLANG_WARN_BOOL_CONVERSION = YES;
				CLANG_WARN_COMMA = YES;
				CLANG_WARN_CONSTANT_CONVERSION = YES;
				CLANG_WARN_DEPRECATED_OBJC_IMPLEMENTATIONS = YES;
				CLANG_WARN_DIRECT_OBJC_ISA_USAGE = YES_ERROR;
				CLANG_WARN_DOCUMENTATION_COMMENTS = YES;
				CLANG_WARN_EMPTY_BODY = YES;
				CLANG_WARN_ENUM_CONVERSION = YES;
				CLANG_WARN_INFINITE_RECURSION = YES;
				CLANG_WARN_INT_CONVERSION = YES;
				CLANG_WARN_NON_LITERAL_NULL_CONVERSION = YES;
				CLANG_WARN_OBJC_IMPLICIT_RETAIN_SELF = YES;
				CLANG_WARN_OBJC_LITERAL_CONVERSION = YES;
				CLANG_WARN_OBJC_ROOT_CLASS = YES_ERROR;
				CLANG_WARN_QUOTED_INCLUDE_IN_FRAMEWORK_HEADER = YES;
				CLANG_WARN_RANGE_LOOP_ANALYSIS = YES;
				CLANG_WARN_STRICT_PROTOTYPES = YES;
				CLANG_WARN_SUSPICIOUS_MOVE = YES;
				CLANG_WARN_UNGUARDED_AVAILABILITY = YES_AGGRESSIVE;
				CLANG_WARN_UNREACHABLE_CODE = YES;
				CLANG_WARN__DUPLICATE_METHOD_MATCH = YES;
				COPY_PHASE_STRIP = NO;
				DEBUG_INFORMATION_FORMAT = "dwarf-with-dsym";
				ENABLE_NS_ASSERTIONS = NO;
				ENABLE_STRICT_OBJC_MSGSEND = YES;
				GCC_C_LANGUAGE_STANDARD = gnu11;
				GCC_NO_COMMON_BLOCKS = YES;
				GCC_WARN_64_TO_32_BIT_CONVERSION = YES;
				GCC_WARN_ABOUT_RETURN_TYPE = YES_ERROR;
				GCC_WARN_UNDECLARED_SELECTOR = YES;
				GCC_WARN_UNINITIALIZED_AUTOS = YES_AGGRESSIVE;
				GCC_WARN_UNUSED_FUNCTION = YES;
				GCC_WARN_UNUSED_VARIABLE = YES;
				IPHONEOS_DEPLOYMENT_TARGET = 15.0;
				MTL_ENABLE_DEBUG_INFO = NO;
				MTL_FAST_MATH = YES;
				SDKROOT = iphoneos;
				SWIFT_COMPILATION_MODE = wholemodule;
				SWIFT_OPTIMIZATION_LEVEL = "-O";
				VALIDATE_PRODUCT = YES;
			};
			name = Release;
		};
		46AE6FD5242BADCD007BB005 /* Debug */ = {
			isa = XCBuildConfiguration;
			buildSettings = {
				ASSETCATALOG_COMPILER_APPICON_NAME = AppIcon;
				CODE_SIGN_STYLE = Automatic;
				DEVELOPMENT_TEAM = D34XZHQLE3;
				ENABLE_PREVIEWS = YES;
				INFOPLIST_FILE = Sources/Info.plist;
				LD_RUNPATH_SEARCH_PATHS = (
					"$(inherited)",
					"@executable_path/Frameworks",
				);
				MARKETING_VERSION = 71.0.0;
				OTHER_LDFLAGS = (
					"-weak_framework",
					SwiftUI,
				);
				PRODUCT_BUNDLE_IDENTIFIER = no.finn.FinnUI.Demo;
				PRODUCT_NAME = "$(TARGET_NAME)";
				SWIFT_VERSION = 5.0;
				TARGETED_DEVICE_FAMILY = "1,2";
			};
			name = Debug;
		};
		46AE6FD6242BADCD007BB005 /* Release */ = {
			isa = XCBuildConfiguration;
			buildSettings = {
				ASSETCATALOG_COMPILER_APPICON_NAME = AppIcon;
				CODE_SIGN_STYLE = Automatic;
				DEVELOPMENT_TEAM = D34XZHQLE3;
				ENABLE_PREVIEWS = YES;
				INFOPLIST_FILE = Sources/Info.plist;
				LD_RUNPATH_SEARCH_PATHS = (
					"$(inherited)",
					"@executable_path/Frameworks",
				);
				MARKETING_VERSION = 71.0.0;
				OTHER_LDFLAGS = (
					"-weak_framework",
					SwiftUI,
				);
				PRODUCT_BUNDLE_IDENTIFIER = no.finn.FinnUI.Demo;
				PRODUCT_NAME = "$(TARGET_NAME)";
				SWIFT_VERSION = 5.0;
				TARGETED_DEVICE_FAMILY = "1,2";
			};
			name = Release;
		};
		46E77574242D4736008A5E93 /* Debug */ = {
			isa = XCBuildConfiguration;
			buildSettings = {
				BUNDLE_LOADER = "$(TEST_HOST)";
				CODE_SIGN_STYLE = Automatic;
				DEVELOPMENT_TEAM = D34XZHQLE3;
				INFOPLIST_FILE = SnapshotTests/Info.plist;
				LD_RUNPATH_SEARCH_PATHS = (
					"$(inherited)",
					"@executable_path/Frameworks",
					"@loader_path/Frameworks",
				);
				PRODUCT_BUNDLE_IDENTIFIER = no.finn.FinniversKit.Demo.SnapshotTests;
				PRODUCT_NAME = "$(TARGET_NAME)";
				SWIFT_VERSION = 5.0;
				TARGETED_DEVICE_FAMILY = "1,2";
				TEST_HOST = "$(BUILT_PRODUCTS_DIR)/Demo.app/Demo";
			};
			name = Debug;
		};
		46E77575242D4736008A5E93 /* Release */ = {
			isa = XCBuildConfiguration;
			buildSettings = {
				BUNDLE_LOADER = "$(TEST_HOST)";
				CODE_SIGN_STYLE = Automatic;
				DEVELOPMENT_TEAM = D34XZHQLE3;
				INFOPLIST_FILE = SnapshotTests/Info.plist;
				LD_RUNPATH_SEARCH_PATHS = (
					"$(inherited)",
					"@executable_path/Frameworks",
					"@loader_path/Frameworks",
				);
				PRODUCT_BUNDLE_IDENTIFIER = no.finn.FinniversKit.Demo.SnapshotTests;
				PRODUCT_NAME = "$(TARGET_NAME)";
				SWIFT_VERSION = 5.0;
				TARGETED_DEVICE_FAMILY = "1,2";
				TEST_HOST = "$(BUILT_PRODUCTS_DIR)/Demo.app/Demo";
			};
			name = Release;
		};
		D6242CFB25CD84A9001999CE /* Debug */ = {
			isa = XCBuildConfiguration;
			buildSettings = {
				CODE_SIGN_STYLE = Automatic;
				DEVELOPMENT_TEAM = D34XZHQLE3;
				IPHONEOS_DEPLOYMENT_TARGET = 14.4;
				OTHER_LDFLAGS = "-ObjC";
				PRODUCT_NAME = "$(TARGET_NAME)";
				SKIP_INSTALL = YES;
				SWIFT_VERSION = 5.0;
				TARGETED_DEVICE_FAMILY = "1,2";
			};
			name = Debug;
		};
		D6242CFC25CD84A9001999CE /* Release */ = {
			isa = XCBuildConfiguration;
			buildSettings = {
				CODE_SIGN_STYLE = Automatic;
				DEVELOPMENT_TEAM = D34XZHQLE3;
				IPHONEOS_DEPLOYMENT_TARGET = 14.4;
				OTHER_LDFLAGS = "-ObjC";
				PRODUCT_NAME = "$(TARGET_NAME)";
				SKIP_INSTALL = YES;
				SWIFT_VERSION = 5.0;
				TARGETED_DEVICE_FAMILY = "1,2";
			};
			name = Release;
		};
/* End XCBuildConfiguration section */

/* Begin XCConfigurationList section */
		46AE6FBB242BADC9007BB005 /* Build configuration list for PBXProject "Demo" */ = {
			isa = XCConfigurationList;
			buildConfigurations = (
				46AE6FD2242BADCD007BB005 /* Debug */,
				46AE6FD3242BADCD007BB005 /* Release */,
			);
			defaultConfigurationIsVisible = 0;
			defaultConfigurationName = Release;
		};
		46AE6FD4242BADCD007BB005 /* Build configuration list for PBXNativeTarget "Demo" */ = {
			isa = XCConfigurationList;
			buildConfigurations = (
				46AE6FD5242BADCD007BB005 /* Debug */,
				46AE6FD6242BADCD007BB005 /* Release */,
			);
			defaultConfigurationIsVisible = 0;
			defaultConfigurationName = Release;
		};
		46E77573242D4736008A5E93 /* Build configuration list for PBXNativeTarget "SnapshotTests" */ = {
			isa = XCConfigurationList;
			buildConfigurations = (
				46E77574242D4736008A5E93 /* Debug */,
				46E77575242D4736008A5E93 /* Release */,
			);
			defaultConfigurationIsVisible = 0;
			defaultConfigurationName = Release;
		};
		D6242CFA25CD84A9001999CE /* Build configuration list for PBXNativeTarget "GenerateAssetsScriptRunner" */ = {
			isa = XCConfigurationList;
			buildConfigurations = (
				D6242CFB25CD84A9001999CE /* Debug */,
				D6242CFC25CD84A9001999CE /* Release */,
			);
			defaultConfigurationIsVisible = 0;
			defaultConfigurationName = Release;
		};
/* End XCConfigurationList section */

/* Begin XCRemoteSwiftPackageReference section */
		F09FBC282A72AEFB005C334B /* XCRemoteSwiftPackageReference "DemoKit-iOS" */ = {
			isa = XCRemoteSwiftPackageReference;
			repositoryURL = "git@github.com:finn-no/DemoKit-iOS.git";
			requirement = {
				branch = main;
				kind = branch;
			};
		};
/* End XCRemoteSwiftPackageReference section */

/* Begin XCSwiftPackageProductDependency section */
		D61E2C3725C0157600FA8F16 /* FinnUI */ = {
			isa = XCSwiftPackageProductDependency;
			productName = FinnUI;
		};
		F09FBC292A72AEFB005C334B /* DemoKit */ = {
			isa = XCSwiftPackageProductDependency;
			package = F09FBC282A72AEFB005C334B /* XCRemoteSwiftPackageReference "DemoKit-iOS" */;
			productName = DemoKit;
		};
		F09FBC2B2A72AEFB005C334B /* DemoKitSnapshot */ = {
			isa = XCSwiftPackageProductDependency;
			package = F09FBC282A72AEFB005C334B /* XCRemoteSwiftPackageReference "DemoKit-iOS" */;
			productName = DemoKitSnapshot;
		};
/* End XCSwiftPackageProductDependency section */
	};
	rootObject = 46AE6FB8242BADC9007BB005 /* Project object */;
}
