{
  "object": {
    "pins": [
      {
        "package": "FinniversKit",
        "repositoryURL": "https://github.com/finn-no/FinniversKit.git",
        "state": {
          "branch": null,
          "revision": "023f38c21797bea7e54d1df5883a797b6769f351",
          "version": "87.2.0"
        }
      },
      {
        "package": "SnapshotTesting",
        "repositoryURL": "https://github.com/pointfreeco/swift-snapshot-testing.git",
        "state": {
          "branch": null,
          "revision": "c466812aa2e22898f27557e2e780d3aad7a27203",
          "version": "1.8.2"
        }
      }
    ]
  },
  "version": 1
}
