{
  "object": {
    "pins": [
      {
        "package": "FinniversKit",
        "repositoryURL": "https://github.com/finn-no/FinniversKit.git",
        "state": {
          "branch": null,
          "revision": "26b0ebf22b1469593da6aa33ee1c5e873aa259fc",
          "version": "92.2.0"
        }
      },
      {
        "package": "swift-snapshot-testing",
        "repositoryURL": "https://github.com/pimms/swift-snapshot-testing.git",
        "state": {
          "branch": null,
          "revision": "0efeef44df913fe60ea868f037f271ac927a8e8c",
          "version": null
        }
      }
    ]
  },
  "version": 1
}
